# This file is autogenerated, do not edit; changes may be undone by the next 'dep ensure'.


[[projects]]
  branch = "master"
  name = "github.com/elazarl/go-bindata-assetfs"
  packages = ["."]
  revision = "30f82fa23fd844bd5bb1e5f216db87fd77b5eb43"

[[projects]]
  name = "github.com/henrylee2cn/faygo"
  packages = [".","_syso","acceptencoder","apiware","errors","freecache","freecache/murmur3","gracenet","ini","logging","logging/color","markdown","pongo2","session","swagger","utils"]
  revision = "c71dde8b55e0fc08f3b2b5a7247b314123e078e8"
  version = "v1.1"

[[projects]]
  branch = "master"
  name = "github.com/json-iterator/go"
  packages = ["."]
  revision = "887789156aeca0b292a5080b24e650d856c28933"

[[projects]]
  name = "github.com/pkg/errors"
  packages = ["."]
  revision = "645ef00459ed84a119197bfb8d8205042c6df63d"
  version = "v0.8.0"

[[projects]]
  name = "github.com/zhangweilun/gor"
  packages = [".","publicsuffix","query"]
  revision = "08909125aaf32498901cb8cac36784a7f8203798"
  version = "v1.1"

[[projects]]
  branch = "master"
  name = "github.com/zhangweilun/goxmlpath"
  packages = [".","html","html/atom"]
  revision = "14d0c3737a52e8e91339deaee5afd145d61ec075"

[[projects]]
  branch = "master"
  name = "golang.org/x/crypto"
  packages = ["acme","acme/autocert"]
  revision = "b176d7def5d71bdd214203491f89843ed217f420"

[[projects]]
  branch = "master"
  name = "golang.org/x/sys"
  packages = ["unix"]
  revision = "e42485b6e20ae7d2304ec72e535b103ed350cc02"

[[projects]]
  name = "gopkg.in/olivere/elastic.v5"
  packages = [".","config","uritemplates"]
  revision = "edbef41beaacc2ee95e61af8faff04e67c01e268"
  version = "v5.0.45"

[solve-meta]
  analyzer-name = "dep"
  analyzer-version = 1
  inputs-digest = "b70b6268af40d0fd2fe2f1f26dbeac713f982efc15eb24f1e7a0c98a1fbda2fd"
  solver-name = "gps-cdcl"
  solver-version = 1
